
Microsoft Visual Studio Solution File, Format Version 12.00
# Visual Studio Version 16
VisualStudioVersion = 16.6.30114.105
MinimumVisualStudioVersion = 10.0.40219.1
Project("{FAE04EC0-301F-11D3-BF4B-00C04F79EFBC}") = "PizzaBox.Client", "PizzaBox.Client\PizzaBox.Client.csproj", "{BEF02102-96BC-4F8E-B80C-1B8CF7C0F918}"
EndProject
Project("{FAE04EC0-301F-11D3-BF4B-00C04F79EFBC}") = "PizzaBox.Domain", "PizzaBox.Domain\PizzaBox.Domain.csproj", "{C97B47E8-7F19-4577-92B8-AFBD60408DF2}"
EndProject
Project("{FAE04EC0-301F-11D3-BF4B-00C04F79EFBC}") = "PizzaBox.Testing", "PizzaBox.Testing\PizzaBox.Testing.csproj", "{1C02516C-16FA-460C-BCA7-A21435B70941}"
EndProject
Project("{FAE04EC0-301F-11D3-BF4B-00C04F79EFBC}") = "PizzaBox.Storage", "PizzaBox.Storage\PizzaBox.Storage.csproj", "{0C628B73-8FD2-4D46-BC97-9876E543E066}"
EndProject
Global
	GlobalSection(SolutionConfigurationPlatforms) = preSolution
		Debug|Any CPU = Debug|Any CPU
		Debug|x64 = Debug|x64
		Debug|x86 = Debug|x86
		Release|Any CPU = Release|Any CPU
		Release|x64 = Release|x64
		Release|x86 = Release|x86
	EndGlobalSection
	GlobalSection(SolutionProperties) = preSolution
		HideSolutionNode = FALSE
	EndGlobalSection
	GlobalSection(ProjectConfigurationPlatforms) = postSolution
		{BEF02102-96BC-4F8E-B80C-1B8CF7C0F918}.Debug|Any CPU.ActiveCfg = Debug|Any CPU
		{BEF02102-96BC-4F8E-B80C-1B8CF7C0F918}.Debug|Any CPU.Build.0 = Debug|Any CPU
		{BEF02102-96BC-4F8E-B80C-1B8CF7C0F918}.Debug|x64.ActiveCfg = Debug|Any CPU
		{BEF02102-96BC-4F8E-B80C-1B8CF7C0F918}.Debug|x64.Build.0 = Debug|Any CPU
		{BEF02102-96BC-4F8E-B80C-1B8CF7C0F918}.Debug|x86.ActiveCfg = Debug|Any CPU
		{BEF02102-96BC-4F8E-B80C-1B8CF7C0F918}.Debug|x86.Build.0 = Debug|Any CPU
		{BEF02102-96BC-4F8E-B80C-1B8CF7C0F918}.Release|Any CPU.ActiveCfg = Release|Any CPU
		{BEF02102-96BC-4F8E-B80C-1B8CF7C0F918}.Release|Any CPU.Build.0 = Release|Any CPU
		{BEF02102-96BC-4F8E-B80C-1B8CF7C0F918}.Release|x64.ActiveCfg = Release|Any CPU
		{BEF02102-96BC-4F8E-B80C-1B8CF7C0F918}.Release|x64.Build.0 = Release|Any CPU
		{BEF02102-96BC-4F8E-B80C-1B8CF7C0F918}.Release|x86.ActiveCfg = Release|Any CPU
		{BEF02102-96BC-4F8E-B80C-1B8CF7C0F918}.Release|x86.Build.0 = Release|Any CPU
		{C97B47E8-7F19-4577-92B8-AFBD60408DF2}.Debug|Any CPU.ActiveCfg = Debug|Any CPU
		{C97B47E8-7F19-4577-92B8-AFBD60408DF2}.Debug|Any CPU.Build.0 = Debug|Any CPU
		{C97B47E8-7F19-4577-92B8-AFBD60408DF2}.Debug|x64.ActiveCfg = Debug|Any CPU
		{C97B47E8-7F19-4577-92B8-AFBD60408DF2}.Debug|x64.Build.0 = Debug|Any CPU
		{C97B47E8-7F19-4577-92B8-AFBD60408DF2}.Debug|x86.ActiveCfg = Debug|Any CPU
		{C97B47E8-7F19-4577-92B8-AFBD60408DF2}.Debug|x86.Build.0 = Debug|Any CPU
		{C97B47E8-7F19-4577-92B8-AFBD60408DF2}.Release|Any CPU.ActiveCfg = Release|Any CPU
		{C97B47E8-7F19-4577-92B8-AFBD60408DF2}.Release|Any CPU.Build.0 = Release|Any CPU
		{C97B47E8-7F19-4577-92B8-AFBD60408DF2}.Release|x64.ActiveCfg = Release|Any CPU
		{C97B47E8-7F19-4577-92B8-AFBD60408DF2}.Release|x64.Build.0 = Release|Any CPU
		{C97B47E8-7F19-4577-92B8-AFBD60408DF2}.Release|x86.ActiveCfg = Release|Any CPU
		{C97B47E8-7F19-4577-92B8-AFBD60408DF2}.Release|x86.Build.0 = Release|Any CPU
		{1C02516C-16FA-460C-BCA7-A21435B70941}.Debug|Any CPU.ActiveCfg = Debug|Any CPU
		{1C02516C-16FA-460C-BCA7-A21435B70941}.Debug|Any CPU.Build.0 = Debug|Any CPU
		{1C02516C-16FA-460C-BCA7-A21435B70941}.Debug|x64.ActiveCfg = Debug|Any CPU
		{1C02516C-16FA-460C-BCA7-A21435B70941}.Debug|x64.Build.0 = Debug|Any CPU
		{1C02516C-16FA-460C-BCA7-A21435B70941}.Debug|x86.ActiveCfg = Debug|Any CPU
		{1C02516C-16FA-460C-BCA7-A21435B70941}.Debug|x86.Build.0 = Debug|Any CPU
		{1C02516C-16FA-460C-BCA7-A21435B70941}.Release|Any CPU.ActiveCfg = Release|Any CPU
		{1C02516C-16FA-460C-BCA7-A21435B70941}.Release|Any CPU.Build.0 = Release|Any CPU
		{1C02516C-16FA-460C-BCA7-A21435B70941}.Release|x64.ActiveCfg = Release|Any CPU
		{1C02516C-16FA-460C-BCA7-A21435B70941}.Release|x64.Build.0 = Release|Any CPU
		{1C02516C-16FA-460C-BCA7-A21435B70941}.Release|x86.ActiveCfg = Release|Any CPU
		{1C02516C-16FA-460C-BCA7-A21435B70941}.Release|x86.Build.0 = Release|Any CPU
		{0C628B73-8FD2-4D46-BC97-9876E543E066}.Debug|Any CPU.ActiveCfg = Debug|Any CPU
		{0C628B73-8FD2-4D46-BC97-9876E543E066}.Debug|Any CPU.Build.0 = Debug|Any CPU
		{0C628B73-8FD2-4D46-BC97-9876E543E066}.Debug|x64.ActiveCfg = Debug|Any CPU
		{0C628B73-8FD2-4D46-BC97-9876E543E066}.Debug|x64.Build.0 = Debug|Any CPU
		{0C628B73-8FD2-4D46-BC97-9876E543E066}.Debug|x86.ActiveCfg = Debug|Any CPU
		{0C628B73-8FD2-4D46-BC97-9876E543E066}.Debug|x86.Build.0 = Debug|Any CPU
		{0C628B73-8FD2-4D46-BC97-9876E543E066}.Release|Any CPU.ActiveCfg = Release|Any CPU
		{0C628B73-8FD2-4D46-BC97-9876E543E066}.Release|Any CPU.Build.0 = Release|Any CPU
		{0C628B73-8FD2-4D46-BC97-9876E543E066}.Release|x64.ActiveCfg = Release|Any CPU
		{0C628B73-8FD2-4D46-BC97-9876E543E066}.Release|x64.Build.0 = Release|Any CPU
		{0C628B73-8FD2-4D46-BC97-9876E543E066}.Release|x86.ActiveCfg = Release|Any CPU
		{0C628B73-8FD2-4D46-BC97-9876E543E066}.Release|x86.Build.0 = Release|Any CPU
	EndGlobalSection
EndGlobal
